// !$*UTF8*$!
{
	archiveVersion = 1;
	classes = {
	};
	objectVersion = 48;
	objects = {

/* Begin PBXBuildFile section */
		419CBC0220586BC5006F2D79 /* AppDelegate.swift in Sources */ = {isa = PBXBuildFile; fileRef = 419CBC0120586BC5006F2D79 /* AppDelegate.swift */; };
		419CBC0420586BC5006F2D79 /* MainViewController.swift in Sources */ = {isa = PBXBuildFile; fileRef = 419CBC0320586BC5006F2D79 /* MainViewController.swift */; };
		419CBC0720586BC6006F2D79 /* Main.storyboard in Resources */ = {isa = PBXBuildFile; fileRef = 419CBC0520586BC6006F2D79 /* Main.storyboard */; };
		419CBC0920586BC6006F2D79 /* Assets.xcassets in Resources */ = {isa = PBXBuildFile; fileRef = 419CBC0820586BC6006F2D79 /* Assets.xcassets */; };
		419CBC0C20586BC6006F2D79 /* LaunchScreen.storyboard in Resources */ = {isa = PBXBuildFile; fileRef = 419CBC0A20586BC6006F2D79 /* LaunchScreen.storyboard */; };
		419CBC1720586BC6006F2D79 /* ISSPassCodingChallengeTests.swift in Sources */ = {isa = PBXBuildFile; fileRef = 419CBC1620586BC6006F2D79 /* ISSPassCodingChallengeTests.swift */; };
		419CBC2220589EE2006F2D79 /* Pass.swift in Sources */ = {isa = PBXBuildFile; fileRef = 419CBC2120589EE2006F2D79 /* Pass.swift */; };
		419CBC2420599471006F2D79 /* Client.swift in Sources */ = {isa = PBXBuildFile; fileRef = 419CBC2320599471006F2D79 /* Client.swift */; };
/* End PBXBuildFile section */

/* Begin PBXContainerItemProxy section */
		419CBC1320586BC6006F2D79 /* PBXContainerItemProxy */ = {
			isa = PBXContainerItemProxy;
			containerPortal = 419CBBF620586BC5006F2D79 /* Project object */;
			proxyType = 1;
			remoteGlobalIDString = 419CBBFD20586BC5006F2D79;
			remoteInfo = ISSPassCodingChallenge;
		};
/* End PBXContainerItemProxy section */

/* Begin PBXFileReference section */
		419CBBFE20586BC5006F2D79 /* ISSPassCodingChallenge.app */ = {isa = PBXFileReference; explicitFileType = wrapper.application; includeInIndex = 0; path = ISSPassCodingChallenge.app; sourceTree = BUILT_PRODUCTS_DIR; };
		419CBC0120586BC5006F2D79 /* AppDelegate.swift */ = {isa = PBXFileReference; lastKnownFileType = sourcecode.swift; path = AppDelegate.swift; sourceTree = "<group>"; };
		419CBC0320586BC5006F2D79 /* MainViewController.swift */ = {isa = PBXFileReference; lastKnownFileType = sourcecode.swift; path = MainViewController.swift; sourceTree = "<group>"; };
		419CBC0620586BC6006F2D79 /* Base */ = {isa = PBXFileReference; lastKnownFileType = file.storyboard; name = Base; path = Base.lproj/Main.storyboard; sourceTree = "<group>"; };
		419CBC0820586BC6006F2D79 /* Assets.xcassets */ = {isa = PBXFileReference; lastKnownFileType = folder.assetcatalog; path = Assets.xcassets; sourceTree = "<group>"; };
		419CBC0B20586BC6006F2D79 /* Base */ = {isa = PBXFileReference; lastKnownFileType = file.storyboard; name = Base; path = Base.lproj/LaunchScreen.storyboard; sourceTree = "<group>"; };
		419CBC0D20586BC6006F2D79 /* Info.plist */ = {isa = PBXFileReference; lastKnownFileType = text.plist.xml; path = Info.plist; sourceTree = "<group>"; };
		419CBC1220586BC6006F2D79 /* ISSPassCodingChallengeTests.xctest */ = {isa = PBXFileReference; explicitFileType = wrapper.cfbundle; includeInIndex = 0; path = ISSPassCodingChallengeTests.xctest; sourceTree = BUILT_PRODUCTS_DIR; };
		419CBC1620586BC6006F2D79 /* ISSPassCodingChallengeTests.swift */ = {isa = PBXFileReference; lastKnownFileType = sourcecode.swift; path = ISSPassCodingChallengeTests.swift; sourceTree = "<group>"; };
		419CBC1820586BC6006F2D79 /* Info.plist */ = {isa = PBXFileReference; lastKnownFileType = text.plist.xml; path = Info.plist; sourceTree = "<group>"; };
		419CBC2120589EE2006F2D79 /* Pass.swift */ = {isa = PBXFileReference; lastKnownFileType = sourcecode.swift; path = Pass.swift; sourceTree = "<group>"; };
		419CBC2320599471006F2D79 /* Client.swift */ = {isa = PBXFileReference; lastKnownFileType = sourcecode.swift; path = Client.swift; sourceTree = "<group>"; };
/* End PBXFileReference section */

/* Begin PBXFrameworksBuildPhase section */
		419CBBFB20586BC5006F2D79 /* Frameworks */ = {
			isa = PBXFrameworksBuildPhase;
			buildActionMask = 2147483647;
			files = (
			);
			runOnlyForDeploymentPostprocessing = 0;
		};
		419CBC0F20586BC6006F2D79 /* Frameworks */ = {
			isa = PBXFrameworksBuildPhase;
			buildActionMask = 2147483647;
			files = (
			);
			runOnlyForDeploymentPostprocessing = 0;
		};
/* End PBXFrameworksBuildPhase section */

/* Begin PBXGroup section */
		419CBBF520586BC5006F2D79 = {
			isa = PBXGroup;
			children = (
				419CBC0020586BC5006F2D79 /* ISSPassCodingChallenge */,
				419CBC1520586BC6006F2D79 /* ISSPassCodingChallengeTests */,
				419CBBFF20586BC5006F2D79 /* Products */,
			);
			sourceTree = "<group>";
		};
		419CBBFF20586BC5006F2D79 /* Products */ = {
			isa = PBXGroup;
			children = (
				419CBBFE20586BC5006F2D79 /* ISSPassCodingChallenge.app */,
				419CBC1220586BC6006F2D79 /* ISSPassCodingChallengeTests.xctest */,
			);
			name = Products;
			sourceTree = "<group>";
		};
		419CBC0020586BC5006F2D79 /* ISSPassCodingChallenge */ = {
			isa = PBXGroup;
			children = (
				419CBC0120586BC5006F2D79 /* AppDelegate.swift */,
				419CBC2320599471006F2D79 /* Client.swift */,
				419CBC0320586BC5006F2D79 /* MainViewController.swift */,
				419CBC2120589EE2006F2D79 /* Pass.swift */,
				419CBC0520586BC6006F2D79 /* Main.storyboard */,
				419CBC0820586BC6006F2D79 /* Assets.xcassets */,
				419CBC0A20586BC6006F2D79 /* LaunchScreen.storyboard */,
				419CBC0D20586BC6006F2D79 /* Info.plist */,
			);
			path = ISSPassCodingChallenge;
			sourceTree = "<group>";
		};
		419CBC1520586BC6006F2D79 /* ISSPassCodingChallengeTests */ = {
			isa = PBXGroup;
			children = (
				419CBC1620586BC6006F2D79 /* ISSPassCodingChallengeTests.swift */,
				419CBC1820586BC6006F2D79 /* Info.plist */,
			);
			path = ISSPassCodingChallengeTests;
			sourceTree = "<group>";
		};
/* End PBXGroup section */

/* Begin PBXNativeTarget section */
		419CBBFD20586BC5006F2D79 /* ISSPassCodingChallenge */ = {
			isa = PBXNativeTarget;
			buildConfigurationList = 419CBC1B20586BC6006F2D79 /* Build configuration list for PBXNativeTarget "ISSPassCodingChallenge" */;
			buildPhases = (
				419CBBFA20586BC5006F2D79 /* Sources */,
				419CBBFB20586BC5006F2D79 /* Frameworks */,
				419CBBFC20586BC5006F2D79 /* Resources */,
			);
			buildRules = (
			);
			dependencies = (
			);
			name = ISSPassCodingChallenge;
			productName = ISSPassCodingChallenge;
			productReference = 419CBBFE20586BC5006F2D79 /* ISSPassCodingChallenge.app */;
			productType = "com.apple.product-type.application";
		};
		419CBC1120586BC6006F2D79 /* ISSPassCodingChallengeTests */ = {
			isa = PBXNativeTarget;
			buildConfigurationList = 419CBC1E20586BC6006F2D79 /* Build configuration list for PBXNativeTarget "ISSPassCodingChallengeTests" */;
			buildPhases = (
				419CBC0E20586BC6006F2D79 /* Sources */,
				419CBC0F20586BC6006F2D79 /* Frameworks */,
				419CBC1020586BC6006F2D79 /* Resources */,
			);
			buildRules = (
			);
			dependencies = (
				419CBC1420586BC6006F2D79 /* PBXTargetDependency */,
			);
			name = ISSPassCodingChallengeTests;
			productName = ISSPassCodingChallengeTests;
			productReference = 419CBC1220586BC6006F2D79 /* ISSPassCodingChallengeTests.xctest */;
			productType = "com.apple.product-type.bundle.unit-test";
		};
/* End PBXNativeTarget section */

/* Begin PBXProject section */
		419CBBF620586BC5006F2D79 /* Project object */ = {
			isa = PBXProject;
			attributes = {
				LastSwiftUpdateCheck = 0920;
				LastUpgradeCheck = 0920;
				ORGANIZATIONNAME = "Kiyoshi Woolheater";
				TargetAttributes = {
					419CBBFD20586BC5006F2D79 = {
						CreatedOnToolsVersion = 9.2;
						ProvisioningStyle = Automatic;
					};
					419CBC1120586BC6006F2D79 = {
						CreatedOnToolsVersion = 9.2;
						ProvisioningStyle = Automatic;
						TestTargetID = 419CBBFD20586BC5006F2D79;
					};
				};
			};
			buildConfigurationList = 419CBBF920586BC5006F2D79 /* Build configuration list for PBXProject "ISSPassCodingChallenge" */;
			compatibilityVersion = "Xcode 8.0";
			developmentRegion = en;
			hasScannedForEncodings = 0;
			knownRegions = (
				en,
				Base,
			);
			mainGroup = 419CBBF520586BC5006F2D79;
			productRefGroup = 419CBBFF20586BC5006F2D79 /* Products */;
			projectDirPath = "";
			projectRoot = "";
			targets = (
				419CBBFD20586BC5006F2D79 /* ISSPassCodingChallenge */,
				419CBC1120586BC6006F2D79 /* ISSPassCodingChallengeTests */,
			);
		};
/* End PBXProject section */

/* Begin PBXResourcesBuildPhase section */
		419CBBFC20586BC5006F2D79 /* Resources */ = {
			isa = PBXResourcesBuildPhase;
			buildActionMask = 2147483647;
			files = (
				419CBC0C20586BC6006F2D79 /* LaunchScreen.storyboard in Resources */,
				419CBC0920586BC6006F2D79 /* Assets.xcassets in Resources */,
				419CBC0720586BC6006F2D79 /* Main.storyboard in Resources */,
			);
			runOnlyForDeploymentPostprocessing = 0;
		};
		419CBC1020586BC6006F2D79 /* Resources */ = {
			isa = PBXResourcesBuildPhase;
			buildActionMask = 2147483647;
			files = (
			);
			runOnlyForDeploymentPostprocessing = 0;
		};
/* End PBXResourcesBuildPhase section */

/* Begin PBXSourcesBuildPhase section */
		419CBBFA20586BC5006F2D79 /* Sources */ = {
			isa = PBXSourcesBuildPhase;
			buildActionMask = 2147483647;
			files = (
				419CBC0420586BC5006F2D79 /* MainViewController.swift in Sources */,
				419CBC2220589EE2006F2D79 /* Pass.swift in Sources */,
				419CBC2420599471006F2D79 /* Client.swift in Sources */,
				419CBC0220586BC5006F2D79 /* AppDelegate.swift in Sources */,
			);
			runOnlyForDeploymentPostprocessing = 0;
		};
		419CBC0E20586BC6006F2D79 /* Sources */ = {
			isa = PBXSourcesBuildPhase;
			buildActionMask = 2147483647;
			files = (
				419CBC1720586BC6006F2D79 /* ISSPassCodingChallengeTests.swift in Sources */,
			);
			runOnlyForDeploymentPostprocessing = 0;
		};
/* End PBXSourcesBuildPhase section */

/* Begin PBXTargetDependency section */
		419CBC1420586BC6006F2D79 /* PBXTargetDependency */ = {
			isa = PBXTargetDependency;
			target = 419CBBFD20586BC5006F2D79 /* ISSPassCodingChallenge */;
			targetProxy = 419CBC1320586BC6006F2D79 /* PBXContainerItemProxy */;
		};
/* End PBXTargetDependency section */

/* Begin PBXVariantGroup section */
		419CBC0520586BC6006F2D79 /* Main.storyboard */ = {
			isa = PBXVariantGroup;
			children = (
				419CBC0620586BC6006F2D79 /* Base */,
			);
			name = Main.storyboard;
			sourceTree = "<group>";
		};
		419CBC0A20586BC6006F2D79 /* LaunchScreen.storyboard */ = {
			isa = PBXVariantGroup;
			children = (
				419CBC0B20586BC6006F2D79 /* Base */,
			);
			name = LaunchScreen.storyboard;
			sourceTree = "<group>";
		};
/* End PBXVariantGroup section */

/* Begin XCBuildConfiguration section */
		419CBC1920586BC6006F2D79 /* Debug */ = {
			isa = XCBuildConfiguration;
			buildSettings = {
				ALWAYS_SEARCH_USER_PATHS = NO;
				CLANG_ANALYZER_NONNULL = YES;
				CLANG_ANALYZER_NUMBER_OBJECT_CONVERSION = YES_AGGRESSIVE;
				CLANG_CXX_LANGUAGE_STANDARD = "gnu++14";
				CLANG_CXX_LIBRARY = "libc++";
				CLANG_ENABLE_MODULES = YES;
				CLANG_ENABLE_OBJC_ARC = YES;
				CLANG_WARN_BLOCK_CAPTURE_AUTORELEASING = YES;
				CLANG_WARN_BOOL_CONVERSION = YES;
				CLANG_WARN_COMMA = YES;
				CLANG_WARN_CONSTANT_CONVERSION = YES;
				CLANG_WARN_DIRECT_OBJC_ISA_USAGE = YES_ERROR;
				CLANG_WARN_DOCUMENTATION_COMMENTS = YES;
				CLANG_WARN_EMPTY_BODY = YES;
				CLANG_WARN_ENUM_CONVERSION = YES;
				CLANG_WARN_INFINITE_RECURSION = YES;
				CLANG_WARN_INT_CONVERSION = YES;
				CLANG_WARN_NON_LITERAL_NULL_CONVERSION = YES;
				CLANG_WARN_OBJC_LITERAL_CONVERSION = YES;
				CLANG_WARN_OBJC_ROOT_CLASS = YES_ERROR;
				CLANG_WARN_RANGE_LOOP_ANALYSIS = YES;
				CLANG_WARN_STRICT_PROTOTYPES = YES;
				CLANG_WARN_SUSPICIOUS_MOVE = YES;
				CLANG_WARN_UNGUARDED_AVAILABILITY = YES_AGGRESSIVE;
				CLANG_WARN_UNREACHABLE_CODE = YES;
				CLANG_WARN__DUPLICATE_METHOD_MATCH = YES;
				CODE_SIGN_IDENTITY = "iPhone Developer";
				COPY_PHASE_STRIP = NO;
				DEBUG_INFORMATION_FORMAT = dwarf;
				ENABLE_STRICT_OBJC_MSGSEND = YES;
				ENABLE_TESTABILITY = YES;
				GCC_C_LANGUAGE_STANDARD = gnu11;
				GCC_DYNAMIC_NO_PIC = NO;
				GCC_NO_COMMON_BLOCKS = YES;
				GCC_OPTIMIZATION_LEVEL = 0;
				GCC_PREPROCESSOR_DEFINITIONS = (
					"DEBUG=1",
					"$(inherited)",
				);
				GCC_WARN_64_TO_32_BIT_CONVERSION = YES;
				GCC_WARN_ABOUT_RETURN_TYPE = YES_ERROR;
				GCC_WARN_UNDECLARED_SELECTOR = YES;
				GCC_WARN_UNINITIALIZED_AUTOS = YES_AGGRESSIVE;
				GCC_WARN_UNUSED_FUNCTION = YES;
				GCC_WARN_UNUSED_VARIABLE = YES;
				IPHONEOS_DEPLOYMENT_TARGET = 11.2;
				MTL_ENABLE_DEBUG_INFO = YES;
				ONLY_ACTIVE_ARCH = YES;
				SDKROOT = iphoneos;
				SWIFT_ACTIVE_COMPILATION_CONDITIONS = DEBUG;
				SWIFT_OPTIMIZATION_LEVEL = "-Onone";
			};
			name = Debug;
		};
		419CBC1A20586BC6006F2D79 /* Release */ = {
			isa = XCBuildConfiguration;
			buildSettings = {
				ALWAYS_SEARCH_USER_PATHS = NO;
				CLANG_ANALYZER_NONNULL = YES;
				CLANG_ANALYZER_NUMBER_OBJECT_CONVERSION = YES_AGGRESSIVE;
				CLANG_CXX_LANGUAGE_STANDARD = "gnu++14";
				CLANG_CXX_LIBRARY = "libc++";
				CLANG_ENABLE_MODULES = YES;
				CLANG_ENABLE_OBJC_ARC = YES;
				CLANG_WARN_BLOCK_CAPTURE_AUTORELEASING = YES;
				CLANG_WARN_BOOL_CONVERSION = YES;
				CLANG_WARN_COMMA = YES;
				CLANG_WARN_CONSTANT_CONVERSION = YES;
				CLANG_WARN_DIRECT_OBJC_ISA_USAGE = YES_ERROR;
				CLANG_WARN_DOCUMENTATION_COMMENTS = YES;
				CLANG_WARN_EMPTY_BODY = YES;
				CLANG_WARN_ENUM_CONVERSION = YES;
				CLANG_WARN_INFINITE_RECURSION = YES;
				CLANG_WARN_INT_CONVERSION = YES;
				CLANG_WARN_NON_LITERAL_NULL_CONVERSION = YES;
				CLANG_WARN_OBJC_LITERAL_CONVERSION = YES;
				CLANG_WARN_OBJC_ROOT_CLASS = YES_ERROR;
				CLANG_WARN_RANGE_LOOP_ANALYSIS = YES;
				CLANG_WARN_STRICT_PROTOTYPES = YES;
				CLANG_WARN_SUSPICIOUS_MOVE = YES;
				CLANG_WARN_UNGUARDED_AVAILABILITY = YES_AGGRESSIVE;
				CLANG_WARN_UNREACHABLE_CODE = YES;
				CLANG_WARN__DUPLICATE_METHOD_MATCH = YES;
				CODE_SIGN_IDENTITY = "iPhone Developer";
				COPY_PHASE_STRIP = NO;
				DEBUG_INFORMATION_FORMAT = "dwarf-with-dsym";
				ENABLE_NS_ASSERTIONS = NO;
				ENABLE_STRICT_OBJC_MSGSEND = YES;
				GCC_C_LANGUAGE_STANDARD = gnu11;
				GCC_NO_COMMON_BLOCKS = YES;
				GCC_WARN_64_TO_32_BIT_CONVERSION = YES;
				GCC_WARN_ABOUT_RETURN_TYPE = YES_ERROR;
				GCC_WARN_UNDECLARED_SELECTOR = YES;
				GCC_WARN_UNINITIALIZED_AUTOS = YES_AGGRESSIVE;
				GCC_WARN_UNUSED_FUNCTION = YES;
				GCC_WARN_UNUSED_VARIABLE = YES;
				IPHONEOS_DEPLOYMENT_TARGET = 11.2;
				MTL_ENABLE_DEBUG_INFO = NO;
				SDKROOT = iphoneos;
				SWIFT_OPTIMIZATION_LEVEL = "-Owholemodule";
				VALIDATE_PRODUCT = YES;
			};
			name = Release;
		};
		419CBC1C20586BC6006F2D79 /* Debug */ = {
			isa = XCBuildConfiguration;
			buildSettings = {
				ASSETCATALOG_COMPILER_APPICON_NAME = AppIcon;
				CODE_SIGN_STYLE = Automatic;
				DEVELOPMENT_TEAM = 9WPUH3VBBN;
				INFOPLIST_FILE = ISSPassCodingChallenge/Info.plist;
				LD_RUNPATH_SEARCH_PATHS = "$(inherited) @executable_path/Frameworks";
				PRODUCT_BUNDLE_IDENTIFIER = com.kiyoshiwoolheater.ISSPassCodingChallenge;
				PRODUCT_NAME = "$(TARGET_NAME)";
				SWIFT_VERSION = 4.0;
				TARGETED_DEVICE_FAMILY = "1,2";
			};
			name = Debug;
		};
		419CBC1D20586BC6006F2D79 /* Release */ = {
			isa = XCBuildConfiguration;
			buildSettings = {
				ASSETCATALOG_COMPILER_APPICON_NAME = AppIcon;
				CODE_SIGN_STYLE = Automatic;
				DEVELOPMENT_TEAM = 9WPUH3VBBN;
				INFOPLIST_FILE = ISSPassCodingChallenge/Info.plist;
				LD_RUNPATH_SEARCH_PATHS = "$(inherited) @executable_path/Frameworks";
				PRODUCT_BUNDLE_IDENTIFIER = com.kiyoshiwoolheater.ISSPassCodingChallenge;
				PRODUCT_NAME = "$(TARGET_NAME)";
				SWIFT_VERSION = 4.0;
				TARGETED_DEVICE_FAMILY = "1,2";
			};
			name = Release;
		};
		419CBC1F20586BC6006F2D79 /* Debug */ = {
			isa = XCBuildConfiguration;
			buildSettings = {
				ALWAYS_EMBED_SWIFT_STANDARD_LIBRARIES = YES;
				BUNDLE_LOADER = "$(TEST_HOST)";
				CODE_SIGN_STYLE = Automatic;
				DEVELOPMENT_TEAM = 9WPUH3VBBN;
				INFOPLIST_FILE = ISSPassCodingChallengeTests/Info.plist;
				LD_RUNPATH_SEARCH_PATHS = "$(inherited) @executable_path/Frameworks @loader_path/Frameworks";
				PRODUCT_BUNDLE_IDENTIFIER = com.kiyoshiwoolheater.ISSPassCodingChallengeTests;
				PRODUCT_NAME = "$(TARGET_NAME)";
				SWIFT_VERSION = 4.0;
				TARGETED_DEVICE_FAMILY = "1,2";
				TEST_HOST = "$(BUILT_PRODUCTS_DIR)/ISSPassCodingChallenge.app/ISSPassCodingChallenge";
			};
			name = Debug;
		};
		419CBC2020586BC6006F2D79 /* Release */ = {
			isa = XCBuildConfiguration;
			buildSettings = {
				ALWAYS_EMBED_SWIFT_STANDARD_LIBRARIES = YES;
				BUNDLE_LOADER = "$(TEST_HOST)";
				CODE_SIGN_STYLE = Automatic;
				DEVELOPMENT_TEAM = 9WPUH3VBBN;
				INFOPLIST_FILE = ISSPassCodingChallengeTests/Info.plist;
				LD_RUNPATH_SEARCH_PATHS = "$(inherited) @executable_path/Frameworks @loader_path/Frameworks";
				PRODUCT_BUNDLE_IDENTIFIER = com.kiyoshiwoolheater.ISSPassCodingChallengeTests;
				PRODUCT_NAME = "$(TARGET_NAME)";
				SWIFT_VERSION = 4.0;
				TARGETED_DEVICE_FAMILY = "1,2";
				TEST_HOST = "$(BUILT_PRODUCTS_DIR)/ISSPassCodingChallenge.app/ISSPassCodingChallenge";
			};
			name = Release;
		};
/* End XCBuildConfiguration section */

/* Begin XCConfigurationList section */
		419CBBF920586BC5006F2D79 /* Build configuration list for PBXProject "ISSPassCodingChallenge" */ = {
			isa = XCConfigurationList;
			buildConfigurations = (
				419CBC1920586BC6006F2D79 /* Debug */,
				419CBC1A20586BC6006F2D79 /* Release */,
			);
			defaultConfigurationIsVisible = 0;
			defaultConfigurationName = Release;
		};
		419CBC1B20586BC6006F2D79 /* Build configuration list for PBXNativeTarget "ISSPassCodingChallenge" */ = {
			isa = XCConfigurationList;
			buildConfigurations = (
				419CBC1C20586BC6006F2D79 /* Debug */,
				419CBC1D20586BC6006F2D79 /* Release */,
			);
			defaultConfigurationIsVisible = 0;
			defaultConfigurationName = Release;
		};
		419CBC1E20586BC6006F2D79 /* Build configuration list for PBXNativeTarget "ISSPassCodingChallengeTests" */ = {
			isa = XCConfigurationList;
			buildConfigurations = (
				419CBC1F20586BC6006F2D79 /* Debug */,
				419CBC2020586BC6006F2D79 /* Release */,
			);
			defaultConfigurationIsVisible = 0;
			defaultConfigurationName = Release;
		};
/* End XCConfigurationList section */
	};
	rootObject = 419CBBF620586BC5006F2D79 /* Project object */;
}
